
Microsoft Visual Studio Solution File, Format Version 12.00
# Visual Studio Version 17
VisualStudioVersion = 17.14.36109.1
MinimumVisualStudioVersion = 10.0.40219.1
Project("{FAE04EC0-301F-11D3-BF4B-00C04F79EFBC}") = "Desktop", "Desktop\Desktop.csproj", "{8EF42119-9A8E-4B79-9A11-E35319DF64F1}"
	ProjectSection(ProjectDependencies) = postProject
		{122D0EC5-965F-4CE7-B143-E8F0C126FB74} = {122D0EC5-965F-4CE7-B143-E8F0C126FB74}
	EndProjectSection
EndProject
Project("{FAE04EC0-301F-11D3-BF4B-00C04F79EFBC}") = "Todo.Entities", "Todo.Entities\Todo.Entities.csproj", "{122D0EC5-965F-4CE7-B143-E8F0C126FB74}"
EndProject
Global
	GlobalSection(SolutionConfigurationPlatforms) = preSolution
		Debug|Any CPU = Debug|Any CPU
		Release|Any CPU = Release|Any CPU
	EndGlobalSection
	GlobalSection(ProjectConfigurationPlatforms) = postSolution
		{8EF42119-9A8E-4B79-9A11-E35319DF64F1}.Debug|Any CPU.ActiveCfg = Debug|Any CPU
		{8EF42119-9A8E-4B79-9A11-E35319DF64F1}.Debug|Any CPU.Build.0 = Debug|Any CPU
		{8EF42119-9A8E-4B79-9A11-E35319DF64F1}.Release|Any CPU.ActiveCfg = Release|Any CPU
		{8EF42119-9A8E-4B79-9A11-E35319DF64F1}.Release|Any CPU.Build.0 = Release|Any CPU
		{122D0EC5-965F-4CE7-B143-E8F0C126FB74}.Debug|Any CPU.ActiveCfg = Debug|Any CPU
		{122D0EC5-965F-4CE7-B143-E8F0C126FB74}.Debug|Any CPU.Build.0 = Debug|Any CPU
		{122D0EC5-965F-4CE7-B143-E8F0C126FB74}.Release|Any CPU.ActiveCfg = Release|Any CPU
		{122D0EC5-965F-4CE7-B143-E8F0C126FB74}.Release|Any CPU.Build.0 = Release|Any CPU
	EndGlobalSection
	GlobalSection(SolutionProperties) = preSolution
		HideSolutionNode = FALSE
	EndGlobalSection
	GlobalSection(ExtensibilityGlobals) = postSolution
		SolutionGuid = {A178ABE1-73D4-44E0-8115-A6A5232E5806}
	EndGlobalSection
EndGlobal
